// !$*UTF8*$!
{
	archiveVersion = 1;
	classes = {
	};
	objectVersion = 46;
	objects = {

/* Begin PBXBuildFile section */
		AC57D21415C7E0A3002F088A /* ISSavedSearchesViewController.m in Sources */ = {isa = PBXBuildFile; fileRef = AC57D21315C7E0A3002F088A /* ISSavedSearchesViewController.m */; };
		AC57D21815C7E1EE002F088A /* ISSavedSearch.m in Sources */ = {isa = PBXBuildFile; fileRef = AC57D21715C7E1EE002F088A /* ISSavedSearch.m */; };
		AC6E7D0E15C61C5A0016136F /* UIKit.framework in Frameworks */ = {isa = PBXBuildFile; fileRef = AC6E7D0D15C61C5A0016136F /* UIKit.framework */; };
		AC6E7D1015C61C5A0016136F /* Foundation.framework in Frameworks */ = {isa = PBXBuildFile; fileRef = AC6E7D0F15C61C5A0016136F /* Foundation.framework */; };
		AC6E7D1215C61C5A0016136F /* CoreGraphics.framework in Frameworks */ = {isa = PBXBuildFile; fileRef = AC6E7D1115C61C5A0016136F /* CoreGraphics.framework */; };
		AC6E7D1815C61C5A0016136F /* InfoPlist.strings in Resources */ = {isa = PBXBuildFile; fileRef = AC6E7D1615C61C5A0016136F /* InfoPlist.strings */; };
		AC6E7D1A15C61C5A0016136F /* main.m in Sources */ = {isa = PBXBuildFile; fileRef = AC6E7D1915C61C5A0016136F /* main.m */; };
		AC6E7D1E15C61C5A0016136F /* ISAppDelegate.m in Sources */ = {isa = PBXBuildFile; fileRef = AC6E7D1D15C61C5A0016136F /* ISAppDelegate.m */; };
		AC6E7D2115C61C5A0016136F /* MainStoryboard_iPhone.storyboard in Resources */ = {isa = PBXBuildFile; fileRef = AC6E7D1F15C61C5A0016136F /* MainStoryboard_iPhone.storyboard */; };
		AC6E7D2415C61C5A0016136F /* MainStoryboard_iPad.storyboard in Resources */ = {isa = PBXBuildFile; fileRef = AC6E7D2215C61C5A0016136F /* MainStoryboard_iPad.storyboard */; };
		AC6E7D2715C61C5A0016136F /* ISSearchViewController.m in Sources */ = {isa = PBXBuildFile; fileRef = AC6E7D2615C61C5A0016136F /* ISSearchViewController.m */; };
		AC6E7D2F15C61C5B0016136F /* SenTestingKit.framework in Frameworks */ = {isa = PBXBuildFile; fileRef = AC6E7D2E15C61C5B0016136F /* SenTestingKit.framework */; };
		AC6E7D3015C61C5B0016136F /* UIKit.framework in Frameworks */ = {isa = PBXBuildFile; fileRef = AC6E7D0D15C61C5A0016136F /* UIKit.framework */; };
		AC6E7D3115C61C5B0016136F /* Foundation.framework in Frameworks */ = {isa = PBXBuildFile; fileRef = AC6E7D0F15C61C5A0016136F /* Foundation.framework */; };
		AC6E7D3915C61C5B0016136F /* InfoPlist.strings in Resources */ = {isa = PBXBuildFile; fileRef = AC6E7D3715C61C5B0016136F /* InfoPlist.strings */; };
		AC6E7D3C15C61C5B0016136F /* Image_SearchTests.m in Sources */ = {isa = PBXBuildFile; fileRef = AC6E7D3B15C61C5B0016136F /* Image_SearchTests.m */; };
		AC6E7D4B15C6284A0016136F /* CHANGELOG.md in Resources */ = {isa = PBXBuildFile; fileRef = AC6E7D4715C6284A0016136F /* CHANGELOG.md */; };
		AC6E7D4C15C6284A0016136F /* JSONKit.m in Sources */ = {isa = PBXBuildFile; fileRef = AC6E7D4915C6284A0016136F /* JSONKit.m */; };
		AC6E7D4D15C6284A0016136F /* README.md in Resources */ = {isa = PBXBuildFile; fileRef = AC6E7D4A15C6284A0016136F /* README.md */; };
		AC6E7D4E15C6285D0016136F /* JSONKit.m in Sources */ = {isa = PBXBuildFile; fileRef = AC6E7D4915C6284A0016136F /* JSONKit.m */; };
		AC6E7D6515C629760016136F /* AFHTTPClient.m in Sources */ = {isa = PBXBuildFile; fileRef = AC6E7D5115C629760016136F /* AFHTTPClient.m */; };
		AC6E7D6615C629760016136F /* AFHTTPRequestOperation.m in Sources */ = {isa = PBXBuildFile; fileRef = AC6E7D5315C629760016136F /* AFHTTPRequestOperation.m */; };
		AC6E7D6715C629760016136F /* AFImageRequestOperation.m in Sources */ = {isa = PBXBuildFile; fileRef = AC6E7D5515C629760016136F /* AFImageRequestOperation.m */; };
		AC6E7D6815C629760016136F /* AFJSONRequestOperation.m in Sources */ = {isa = PBXBuildFile; fileRef = AC6E7D5715C629760016136F /* AFJSONRequestOperation.m */; };
		AC6E7D6915C629760016136F /* AFJSONUtilities.m in Sources */ = {isa = PBXBuildFile; fileRef = AC6E7D5915C629760016136F /* AFJSONUtilities.m */; };
		AC6E7D6A15C629760016136F /* AFNetworkActivityIndicatorManager.m in Sources */ = {isa = PBXBuildFile; fileRef = AC6E7D5B15C629760016136F /* AFNetworkActivityIndicatorManager.m */; };
		AC6E7D6B15C629760016136F /* AFPropertyListRequestOperation.m in Sources */ = {isa = PBXBuildFile; fileRef = AC6E7D5E15C629760016136F /* AFPropertyListRequestOperation.m */; };
		AC6E7D6C15C629760016136F /* AFURLConnectionOperation.m in Sources */ = {isa = PBXBuildFile; fileRef = AC6E7D6015C629760016136F /* AFURLConnectionOperation.m */; };
		AC6E7D6D15C629760016136F /* AFXMLRequestOperation.m in Sources */ = {isa = PBXBuildFile; fileRef = AC6E7D6215C629760016136F /* AFXMLRequestOperation.m */; };
		AC6E7D6E15C629760016136F /* UIImageView+AFNetworking.m in Sources */ = {isa = PBXBuildFile; fileRef = AC6E7D6415C629760016136F /* UIImageView+AFNetworking.m */; };
		AC6E7D7115C62A4A0016136F /* ISServer.m in Sources */ = {isa = PBXBuildFile; fileRef = AC6E7D7015C62A4A0016136F /* ISServer.m */; };
		AC6E7D7715C62FE70016136F /* ISSearchResult.m in Sources */ = {isa = PBXBuildFile; fileRef = AC6E7D7615C62FE70016136F /* ISSearchResult.m */; };
		AC6E7D7A15C665DE0016136F /* ISSearchResultsViewController.m in Sources */ = {isa = PBXBuildFile; fileRef = AC6E7D7915C665DE0016136F /* ISSearchResultsViewController.m */; };
		AC6E7D7D15C66C560016136F /* ISResultCell.m in Sources */ = {isa = PBXBuildFile; fileRef = AC6E7D7C15C66C560016136F /* ISResultCell.m */; };
		ACAADA6615C7C0EB006AF955 /* loading.png in Resources */ = {isa = PBXBuildFile; fileRef = ACAADA6515C7C0EB006AF955 /* loading.png */; };
/* End PBXBuildFile section */

/* Begin PBXContainerItemProxy section */
		AC6E7D3215C61C5B0016136F /* PBXContainerItemProxy */ = {
			isa = PBXContainerItemProxy;
			containerPortal = AC6E7D0015C61C5A0016136F /* Project object */;
			proxyType = 1;
			remoteGlobalIDString = AC6E7D0815C61C5A0016136F;
			remoteInfo = "Image Search";
		};
/* End PBXContainerItemProxy section */

/* Begin PBXFileReference section */
		AC57D21215C7E0A3002F088A /* ISSavedSearchesViewController.h */ = {isa = PBXFileReference; fileEncoding = 4; lastKnownFileType = sourcecode.c.h; path = ISSavedSearchesViewController.h; sourceTree = "<group>"; };
		AC57D21315C7E0A3002F088A /* ISSavedSearchesViewController.m */ = {isa = PBXFileReference; fileEncoding = 4; lastKnownFileType = sourcecode.c.objc; path = ISSavedSearchesViewController.m; sourceTree = "<group>"; };
		AC57D21615C7E1EE002F088A /* ISSavedSearch.h */ = {isa = PBXFileReference; fileEncoding = 4; lastKnownFileType = sourcecode.c.h; path = ISSavedSearch.h; sourceTree = "<group>"; };
		AC57D21715C7E1EE002F088A /* ISSavedSearch.m */ = {isa = PBXFileReference; fileEncoding = 4; lastKnownFileType = sourcecode.c.objc; path = ISSavedSearch.m; sourceTree = "<group>"; };
		AC6E7D0915C61C5A0016136F /* Image Search.app */ = {isa = PBXFileReference; explicitFileType = wrapper.application; includeInIndex = 0; path = "Image Search.app"; sourceTree = BUILT_PRODUCTS_DIR; };
		AC6E7D0D15C61C5A0016136F /* UIKit.framework */ = {isa = PBXFileReference; lastKnownFileType = wrapper.framework; name = UIKit.framework; path = System/Library/Frameworks/UIKit.framework; sourceTree = SDKROOT; };
		AC6E7D0F15C61C5A0016136F /* Foundation.framework */ = {isa = PBXFileReference; lastKnownFileType = wrapper.framework; name = Foundation.framework; path = System/Library/Frameworks/Foundation.framework; sourceTree = SDKROOT; };
		AC6E7D1115C61C5A0016136F /* CoreGraphics.framework */ = {isa = PBXFileReference; lastKnownFileType = wrapper.framework; name = CoreGraphics.framework; path = System/Library/Frameworks/CoreGraphics.framework; sourceTree = SDKROOT; };
		AC6E7D1515C61C5A0016136F /* Image Search-Info.plist */ = {isa = PBXFileReference; lastKnownFileType = text.plist.xml; path = "Image Search-Info.plist"; sourceTree = "<group>"; };
		AC6E7D1715C61C5A0016136F /* en */ = {isa = PBXFileReference; lastKnownFileType = text.plist.strings; name = en; path = en.lproj/InfoPlist.strings; sourceTree = "<group>"; };
		AC6E7D1915C61C5A0016136F /* main.m */ = {isa = PBXFileReference; lastKnownFileType = sourcecode.c.objc; path = main.m; sourceTree = "<group>"; };
		AC6E7D1B15C61C5A0016136F /* Image Search-Prefix.pch */ = {isa = PBXFileReference; lastKnownFileType = sourcecode.c.h; path = "Image Search-Prefix.pch"; sourceTree = "<group>"; };
		AC6E7D1C15C61C5A0016136F /* ISAppDelegate.h */ = {isa = PBXFileReference; lastKnownFileType = sourcecode.c.h; path = ISAppDelegate.h; sourceTree = "<group>"; };
		AC6E7D1D15C61C5A0016136F /* ISAppDelegate.m */ = {isa = PBXFileReference; lastKnownFileType = sourcecode.c.objc; path = ISAppDelegate.m; sourceTree = "<group>"; };
		AC6E7D2015C61C5A0016136F /* en */ = {isa = PBXFileReference; lastKnownFileType = file.storyboard; name = en; path = en.lproj/MainStoryboard_iPhone.storyboard; sourceTree = "<group>"; };
		AC6E7D2315C61C5A0016136F /* en */ = {isa = PBXFileReference; lastKnownFileType = file.storyboard; name = en; path = en.lproj/MainStoryboard_iPad.storyboard; sourceTree = "<group>"; };
		AC6E7D2515C61C5A0016136F /* ISSearchViewController.h */ = {isa = PBXFileReference; lastKnownFileType = sourcecode.c.h; path = ISSearchViewController.h; sourceTree = "<group>"; };
		AC6E7D2615C61C5A0016136F /* ISSearchViewController.m */ = {isa = PBXFileReference; lastKnownFileType = sourcecode.c.objc; path = ISSearchViewController.m; sourceTree = "<group>"; };
		AC6E7D2D15C61C5A0016136F /* Image SearchTests.octest */ = {isa = PBXFileReference; explicitFileType = wrapper.cfbundle; includeInIndex = 0; path = "Image SearchTests.octest"; sourceTree = BUILT_PRODUCTS_DIR; };
		AC6E7D2E15C61C5B0016136F /* SenTestingKit.framework */ = {isa = PBXFileReference; lastKnownFileType = wrapper.framework; name = SenTestingKit.framework; path = Library/Frameworks/SenTestingKit.framework; sourceTree = DEVELOPER_DIR; };
		AC6E7D3615C61C5B0016136F /* Image SearchTests-Info.plist */ = {isa = PBXFileReference; lastKnownFileType = text.plist.xml; path = "Image SearchTests-Info.plist"; sourceTree = "<group>"; };
		AC6E7D3815C61C5B0016136F /* en */ = {isa = PBXFileReference; lastKnownFileType = text.plist.strings; name = en; path = en.lproj/InfoPlist.strings; sourceTree = "<group>"; };
		AC6E7D3A15C61C5B0016136F /* Image_SearchTests.h */ = {isa = PBXFileReference; lastKnownFileType = sourcecode.c.h; path = Image_SearchTests.h; sourceTree = "<group>"; };
		AC6E7D3B15C61C5B0016136F /* Image_SearchTests.m */ = {isa = PBXFileReference; lastKnownFileType = sourcecode.c.objc; path = Image_SearchTests.m; sourceTree = "<group>"; };
		AC6E7D4715C6284A0016136F /* CHANGELOG.md */ = {isa = PBXFileReference; fileEncoding = 4; lastKnownFileType = text; path = CHANGELOG.md; sourceTree = "<group>"; };
		AC6E7D4815C6284A0016136F /* JSONKit.h */ = {isa = PBXFileReference; fileEncoding = 4; lastKnownFileType = sourcecode.c.h; path = JSONKit.h; sourceTree = "<group>"; };
		AC6E7D4915C6284A0016136F /* JSONKit.m */ = {isa = PBXFileReference; fileEncoding = 4; lastKnownFileType = sourcecode.c.objc; path = JSONKit.m; sourceTree = "<group>"; };
		AC6E7D4A15C6284A0016136F /* README.md */ = {isa = PBXFileReference; fileEncoding = 4; lastKnownFileType = text; path = README.md; sourceTree = "<group>"; };
		AC6E7D5015C629760016136F /* AFHTTPClient.h */ = {isa = PBXFileReference; fileEncoding = 4; lastKnownFileType = sourcecode.c.h; path = AFHTTPClient.h; sourceTree = "<group>"; };
		AC6E7D5115C629760016136F /* AFHTTPClient.m */ = {isa = PBXFileReference; fileEncoding = 4; lastKnownFileType = sourcecode.c.objc; path = AFHTTPClient.m; sourceTree = "<group>"; };
		AC6E7D5215C629760016136F /* AFHTTPRequestOperation.h */ = {isa = PBXFileReference; fileEncoding = 4; lastKnownFileType = sourcecode.c.h; path = AFHTTPRequestOperation.h; sourceTree = "<group>"; };
		AC6E7D5315C629760016136F /* AFHTTPRequestOperation.m */ = {isa = PBXFileReference; fileEncoding = 4; lastKnownFileType = sourcecode.c.objc; path = AFHTTPRequestOperation.m; sourceTree = "<group>"; };
		AC6E7D5415C629760016136F /* AFImageRequestOperation.h */ = {isa = PBXFileReference; fileEncoding = 4; lastKnownFileType = sourcecode.c.h; path = AFImageRequestOperation.h; sourceTree = "<group>"; };
		AC6E7D5515C629760016136F /* AFImageRequestOperation.m */ = {isa = PBXFileReference; fileEncoding = 4; lastKnownFileType = sourcecode.c.objc; path = AFImageRequestOperation.m; sourceTree = "<group>"; };
		AC6E7D5615C629760016136F /* AFJSONRequestOperation.h */ = {isa = PBXFileReference; fileEncoding = 4; lastKnownFileType = sourcecode.c.h; path = AFJSONRequestOperation.h; sourceTree = "<group>"; };
		AC6E7D5715C629760016136F /* AFJSONRequestOperation.m */ = {isa = PBXFileReference; fileEncoding = 4; lastKnownFileType = sourcecode.c.objc; path = AFJSONRequestOperation.m; sourceTree = "<group>"; };
		AC6E7D5815C629760016136F /* AFJSONUtilities.h */ = {isa = PBXFileReference; fileEncoding = 4; lastKnownFileType = sourcecode.c.h; path = AFJSONUtilities.h; sourceTree = "<group>"; };
		AC6E7D5915C629760016136F /* AFJSONUtilities.m */ = {isa = PBXFileReference; fileEncoding = 4; lastKnownFileType = sourcecode.c.objc; path = AFJSONUtilities.m; sourceTree = "<group>"; };
		AC6E7D5A15C629760016136F /* AFNetworkActivityIndicatorManager.h */ = {isa = PBXFileReference; fileEncoding = 4; lastKnownFileType = sourcecode.c.h; path = AFNetworkActivityIndicatorManager.h; sourceTree = "<group>"; };
		AC6E7D5B15C629760016136F /* AFNetworkActivityIndicatorManager.m */ = {isa = PBXFileReference; fileEncoding = 4; lastKnownFileType = sourcecode.c.objc; path = AFNetworkActivityIndicatorManager.m; sourceTree = "<group>"; };
		AC6E7D5C15C629760016136F /* AFNetworking.h */ = {isa = PBXFileReference; fileEncoding = 4; lastKnownFileType = sourcecode.c.h; path = AFNetworking.h; sourceTree = "<group>"; };
		AC6E7D5D15C629760016136F /* AFPropertyListRequestOperation.h */ = {isa = PBXFileReference; fileEncoding = 4; lastKnownFileType = sourcecode.c.h; path = AFPropertyListRequestOperation.h; sourceTree = "<group>"; };
		AC6E7D5E15C629760016136F /* AFPropertyListRequestOperation.m */ = {isa = PBXFileReference; fileEncoding = 4; lastKnownFileType = sourcecode.c.objc; path = AFPropertyListRequestOperation.m; sourceTree = "<group>"; };
		AC6E7D5F15C629760016136F /* AFURLConnectionOperation.h */ = {isa = PBXFileReference; fileEncoding = 4; lastKnownFileType = sourcecode.c.h; path = AFURLConnectionOperation.h; sourceTree = "<group>"; };
		AC6E7D6015C629760016136F /* AFURLConnectionOperation.m */ = {isa = PBXFileReference; fileEncoding = 4; lastKnownFileType = sourcecode.c.objc; path = AFURLConnectionOperation.m; sourceTree = "<group>"; };
		AC6E7D6115C629760016136F /* AFXMLRequestOperation.h */ = {isa = PBXFileReference; fileEncoding = 4; lastKnownFileType = sourcecode.c.h; path = AFXMLRequestOperation.h; sourceTree = "<group>"; };
		AC6E7D6215C629760016136F /* AFXMLRequestOperation.m */ = {isa = PBXFileReference; fileEncoding = 4; lastKnownFileType = sourcecode.c.objc; path = AFXMLRequestOperation.m; sourceTree = "<group>"; };
		AC6E7D6315C629760016136F /* UIImageView+AFNetworking.h */ = {isa = PBXFileReference; fileEncoding = 4; lastKnownFileType = sourcecode.c.h; path = "UIImageView+AFNetworking.h"; sourceTree = "<group>"; };
		AC6E7D6415C629760016136F /* UIImageView+AFNetworking.m */ = {isa = PBXFileReference; fileEncoding = 4; lastKnownFileType = sourcecode.c.objc; path = "UIImageView+AFNetworking.m"; sourceTree = "<group>"; };
		AC6E7D6F15C62A4A0016136F /* ISServer.h */ = {isa = PBXFileReference; fileEncoding = 4; lastKnownFileType = sourcecode.c.h; path = ISServer.h; sourceTree = "<group>"; };
		AC6E7D7015C62A4A0016136F /* ISServer.m */ = {isa = PBXFileReference; fileEncoding = 4; lastKnownFileType = sourcecode.c.objc; path = ISServer.m; sourceTree = "<group>"; };
		AC6E7D7515C62FE70016136F /* ISSearchResult.h */ = {isa = PBXFileReference; fileEncoding = 4; lastKnownFileType = sourcecode.c.h; path = ISSearchResult.h; sourceTree = "<group>"; };
		AC6E7D7615C62FE70016136F /* ISSearchResult.m */ = {isa = PBXFileReference; fileEncoding = 4; lastKnownFileType = sourcecode.c.objc; path = ISSearchResult.m; sourceTree = "<group>"; };
		AC6E7D7815C665DE0016136F /* ISSearchResultsViewController.h */ = {isa = PBXFileReference; fileEncoding = 4; lastKnownFileType = sourcecode.c.h; path = ISSearchResultsViewController.h; sourceTree = "<group>"; };
		AC6E7D7915C665DE0016136F /* ISSearchResultsViewController.m */ = {isa = PBXFileReference; fileEncoding = 4; lastKnownFileType = sourcecode.c.objc; path = ISSearchResultsViewController.m; sourceTree = "<group>"; };
		AC6E7D7B15C66C560016136F /* ISResultCell.h */ = {isa = PBXFileReference; fileEncoding = 4; lastKnownFileType = sourcecode.c.h; path = ISResultCell.h; sourceTree = "<group>"; };
		AC6E7D7C15C66C560016136F /* ISResultCell.m */ = {isa = PBXFileReference; fileEncoding = 4; lastKnownFileType = sourcecode.c.objc; path = ISResultCell.m; sourceTree = "<group>"; };
		ACAADA6515C7C0EB006AF955 /* loading.png */ = {isa = PBXFileReference; lastKnownFileType = image.png; name = loading.png; path = ../../../../../Desktop/loading.png; sourceTree = "<group>"; };
/* End PBXFileReference section */

/* Begin PBXFrameworksBuildPhase section */
		AC6E7D0615C61C5A0016136F /* Frameworks */ = {
			isa = PBXFrameworksBuildPhase;
			buildActionMask = 2147483647;
			files = (
				AC6E7D0E15C61C5A0016136F /* UIKit.framework in Frameworks */,
				AC6E7D1015C61C5A0016136F /* Foundation.framework in Frameworks */,
				AC6E7D1215C61C5A0016136F /* CoreGraphics.framework in Frameworks */,
			);
			runOnlyForDeploymentPostprocessing = 0;
		};
		AC6E7D2915C61C5A0016136F /* Frameworks */ = {
			isa = PBXFrameworksBuildPhase;
			buildActionMask = 2147483647;
			files = (
				AC6E7D2F15C61C5B0016136F /* SenTestingKit.framework in Frameworks */,
				AC6E7D3015C61C5B0016136F /* UIKit.framework in Frameworks */,
				AC6E7D3115C61C5B0016136F /* Foundation.framework in Frameworks */,
			);
			runOnlyForDeploymentPostprocessing = 0;
		};
/* End PBXFrameworksBuildPhase section */

/* Begin PBXGroup section */
		AC6E7CFE15C61C5A0016136F = {
			isa = PBXGroup;
			children = (
				AC6E7D4515C6284A0016136F /* lib */,
				AC6E7D1315C61C5A0016136F /* Image Search */,
				AC6E7D3415C61C5B0016136F /* Image SearchTests */,
				AC6E7D0C15C61C5A0016136F /* Frameworks */,
				AC6E7D0A15C61C5A0016136F /* Products */,
			);
			sourceTree = "<group>";
		};
		AC6E7D0A15C61C5A0016136F /* Products */ = {
			isa = PBXGroup;
			children = (
				AC6E7D0915C61C5A0016136F /* Image Search.app */,
				AC6E7D2D15C61C5A0016136F /* Image SearchTests.octest */,
			);
			name = Products;
			sourceTree = "<group>";
		};
		AC6E7D0C15C61C5A0016136F /* Frameworks */ = {
			isa = PBXGroup;
			children = (
				AC6E7D0D15C61C5A0016136F /* UIKit.framework */,
				AC6E7D0F15C61C5A0016136F /* Foundation.framework */,
				AC6E7D1115C61C5A0016136F /* CoreGraphics.framework */,
				AC6E7D2E15C61C5B0016136F /* SenTestingKit.framework */,
			);
			name = Frameworks;
			sourceTree = "<group>";
		};
		AC6E7D1315C61C5A0016136F /* Image Search */ = {
			isa = PBXGroup;
			children = (
				ACAADA6515C7C0EB006AF955 /* loading.png */,
				AC6E7D7215C62F4D0016136F /* Model */,
				AC6E7D7315C62F520016136F /* View */,
				AC6E7D7415C62F560016136F /* Controller */,
				AC6E7D1C15C61C5A0016136F /* ISAppDelegate.h */,
				AC6E7D1D15C61C5A0016136F /* ISAppDelegate.m */,
				AC6E7D1F15C61C5A0016136F /* MainStoryboard_iPhone.storyboard */,
				AC6E7D2215C61C5A0016136F /* MainStoryboard_iPad.storyboard */,
				AC6E7D1415C61C5A0016136F /* Supporting Files */,
			);
			path = "Image Search";
			sourceTree = "<group>";
		};
		AC6E7D1415C61C5A0016136F /* Supporting Files */ = {
			isa = PBXGroup;
			children = (
				AC6E7D1515C61C5A0016136F /* Image Search-Info.plist */,
				AC6E7D1615C61C5A0016136F /* InfoPlist.strings */,
				AC6E7D1915C61C5A0016136F /* main.m */,
				AC6E7D1B15C61C5A0016136F /* Image Search-Prefix.pch */,
			);
			name = "Supporting Files";
			sourceTree = "<group>";
		};
		AC6E7D3415C61C5B0016136F /* Image SearchTests */ = {
			isa = PBXGroup;
			children = (
				AC6E7D3A15C61C5B0016136F /* Image_SearchTests.h */,
				AC6E7D3B15C61C5B0016136F /* Image_SearchTests.m */,
				AC6E7D3515C61C5B0016136F /* Supporting Files */,
			);
			path = "Image SearchTests";
			sourceTree = "<group>";
		};
		AC6E7D3515C61C5B0016136F /* Supporting Files */ = {
			isa = PBXGroup;
			children = (
				AC6E7D3615C61C5B0016136F /* Image SearchTests-Info.plist */,
				AC6E7D3715C61C5B0016136F /* InfoPlist.strings */,
			);
			name = "Supporting Files";
			sourceTree = "<group>";
		};
		AC6E7D4515C6284A0016136F /* lib */ = {
			isa = PBXGroup;
			children = (
				AC6E7D4F15C629760016136F /* AFNetworking */,
				AC6E7D4615C6284A0016136F /* JSONKit */,
			);
			path = lib;
			sourceTree = "<group>";
		};
		AC6E7D4615C6284A0016136F /* JSONKit */ = {
			isa = PBXGroup;
			children = (
				AC6E7D4715C6284A0016136F /* CHANGELOG.md */,
				AC6E7D4815C6284A0016136F /* JSONKit.h */,
				AC6E7D4915C6284A0016136F /* JSONKit.m */,
				AC6E7D4A15C6284A0016136F /* README.md */,
			);
			path = JSONKit;
			sourceTree = "<group>";
		};
		AC6E7D4F15C629760016136F /* AFNetworking */ = {
			isa = PBXGroup;
			children = (
				AC6E7D5015C629760016136F /* AFHTTPClient.h */,
				AC6E7D5115C629760016136F /* AFHTTPClient.m */,
				AC6E7D5215C629760016136F /* AFHTTPRequestOperation.h */,
				AC6E7D5315C629760016136F /* AFHTTPRequestOperation.m */,
				AC6E7D5415C629760016136F /* AFImageRequestOperation.h */,
				AC6E7D5515C629760016136F /* AFImageRequestOperation.m */,
				AC6E7D5615C629760016136F /* AFJSONRequestOperation.h */,
				AC6E7D5715C629760016136F /* AFJSONRequestOperation.m */,
				AC6E7D5815C629760016136F /* AFJSONUtilities.h */,
				AC6E7D5915C629760016136F /* AFJSONUtilities.m */,
				AC6E7D5A15C629760016136F /* AFNetworkActivityIndicatorManager.h */,
				AC6E7D5B15C629760016136F /* AFNetworkActivityIndicatorManager.m */,
				AC6E7D5C15C629760016136F /* AFNetworking.h */,
				AC6E7D5D15C629760016136F /* AFPropertyListRequestOperation.h */,
				AC6E7D5E15C629760016136F /* AFPropertyListRequestOperation.m */,
				AC6E7D5F15C629760016136F /* AFURLConnectionOperation.h */,
				AC6E7D6015C629760016136F /* AFURLConnectionOperation.m */,
				AC6E7D6115C629760016136F /* AFXMLRequestOperation.h */,
				AC6E7D6215C629760016136F /* AFXMLRequestOperation.m */,
				AC6E7D6315C629760016136F /* UIImageView+AFNetworking.h */,
				AC6E7D6415C629760016136F /* UIImageView+AFNetworking.m */,
			);
			name = AFNetworking;
			path = AFNetworking/AFNetworking;
			sourceTree = "<group>";
		};
		AC6E7D7215C62F4D0016136F /* Model */ = {
			isa = PBXGroup;
			children = (
				AC6E7D6F15C62A4A0016136F /* ISServer.h */,
				AC6E7D7015C62A4A0016136F /* ISServer.m */,
				AC6E7D7515C62FE70016136F /* ISSearchResult.h */,
				AC6E7D7615C62FE70016136F /* ISSearchResult.m */,
				AC57D21615C7E1EE002F088A /* ISSavedSearch.h */,
				AC57D21715C7E1EE002F088A /* ISSavedSearch.m */,
			);
			name = Model;
			sourceTree = "<group>";
		};
		AC6E7D7315C62F520016136F /* View */ = {
			isa = PBXGroup;
			children = (
				AC6E7D7B15C66C560016136F /* ISResultCell.h */,
				AC6E7D7C15C66C560016136F /* ISResultCell.m */,
			);
			name = View;
			sourceTree = "<group>";
		};
		AC6E7D7415C62F560016136F /* Controller */ = {
			isa = PBXGroup;
			children = (
				AC6E7D2515C61C5A0016136F /* ISSearchViewController.h */,
				AC6E7D2615C61C5A0016136F /* ISSearchViewController.m */,
				AC6E7D7815C665DE0016136F /* ISSearchResultsViewController.h */,
				AC6E7D7915C665DE0016136F /* ISSearchResultsViewController.m */,
				AC57D21215C7E0A3002F088A /* ISSavedSearchesViewController.h */,
				AC57D21315C7E0A3002F088A /* ISSavedSearchesViewController.m */,
			);
			name = Controller;
			sourceTree = "<group>";
		};
/* End PBXGroup section */

/* Begin PBXNativeTarget section */
		AC6E7D0815C61C5A0016136F /* Image Search */ = {
			isa = PBXNativeTarget;
			buildConfigurationList = AC6E7D3F15C61C5B0016136F /* Build configuration list for PBXNativeTarget "Image Search" */;
			buildPhases = (
				AC6E7D0515C61C5A0016136F /* Sources */,
				AC6E7D0615C61C5A0016136F /* Frameworks */,
				AC6E7D0715C61C5A0016136F /* Resources */,
			);
			buildRules = (
			);
			dependencies = (
			);
			name = "Image Search";
			productName = "Image Search";
			productReference = AC6E7D0915C61C5A0016136F /* Image Search.app */;
			productType = "com.apple.product-type.application";
		};
		AC6E7D2C15C61C5A0016136F /* Image SearchTests */ = {
			isa = PBXNativeTarget;
			buildConfigurationList = AC6E7D4215C61C5B0016136F /* Build configuration list for PBXNativeTarget "Image SearchTests" */;
			buildPhases = (
				AC6E7D2815C61C5A0016136F /* Sources */,
				AC6E7D2915C61C5A0016136F /* Frameworks */,
				AC6E7D2A15C61C5A0016136F /* Resources */,
				AC6E7D2B15C61C5A0016136F /* ShellScript */,
			);
			buildRules = (
			);
			dependencies = (
				AC6E7D3315C61C5B0016136F /* PBXTargetDependency */,
			);
			name = "Image SearchTests";
			productName = "Image SearchTests";
			productReference = AC6E7D2D15C61C5A0016136F /* Image SearchTests.octest */;
			productType = "com.apple.product-type.bundle";
		};
/* End PBXNativeTarget section */

/* Begin PBXProject section */
		AC6E7D0015C61C5A0016136F /* Project object */ = {
			isa = PBXProject;
			attributes = {
				CLASSPREFIX = IS;
				LastUpgradeCheck = 0430;
				ORGANIZATIONNAME = "Blackboard Mobile";
			};
			buildConfigurationList = AC6E7D0315C61C5A0016136F /* Build configuration list for PBXProject "Image Search" */;
			compatibilityVersion = "Xcode 3.2";
			developmentRegion = English;
			hasScannedForEncodings = 0;
			knownRegions = (
				en,
			);
			mainGroup = AC6E7CFE15C61C5A0016136F;
			productRefGroup = AC6E7D0A15C61C5A0016136F /* Products */;
			projectDirPath = "";
			projectRoot = "";
			targets = (
				AC6E7D0815C61C5A0016136F /* Image Search */,
				AC6E7D2C15C61C5A0016136F /* Image SearchTests */,
			);
		};
/* End PBXProject section */

/* Begin PBXResourcesBuildPhase section */
		AC6E7D0715C61C5A0016136F /* Resources */ = {
			isa = PBXResourcesBuildPhase;
			buildActionMask = 2147483647;
			files = (
				AC6E7D1815C61C5A0016136F /* InfoPlist.strings in Resources */,
				AC6E7D2115C61C5A0016136F /* MainStoryboard_iPhone.storyboard in Resources */,
				AC6E7D2415C61C5A0016136F /* MainStoryboard_iPad.storyboard in Resources */,
				AC6E7D4B15C6284A0016136F /* CHANGELOG.md in Resources */,
				AC6E7D4D15C6284A0016136F /* README.md in Resources */,
				ACAADA6615C7C0EB006AF955 /* loading.png in Resources */,
			);
			runOnlyForDeploymentPostprocessing = 0;
		};
		AC6E7D2A15C61C5A0016136F /* Resources */ = {
			isa = PBXResourcesBuildPhase;
			buildActionMask = 2147483647;
			files = (
				AC6E7D3915C61C5B0016136F /* InfoPlist.strings in Resources */,
			);
			runOnlyForDeploymentPostprocessing = 0;
		};
/* End PBXResourcesBuildPhase section */

/* Begin PBXShellScriptBuildPhase section */
		AC6E7D2B15C61C5A0016136F /* ShellScript */ = {
			isa = PBXShellScriptBuildPhase;
			buildActionMask = 2147483647;
			files = (
			);
			inputPaths = (
			);
			outputPaths = (
			);
			runOnlyForDeploymentPostprocessing = 0;
			shellPath = /bin/sh;
			shellScript = "# Run the unit tests in this test bundle.\n\"${SYSTEM_DEVELOPER_DIR}/Tools/RunUnitTests\"\n";
		};
/* End PBXShellScriptBuildPhase section */

/* Begin PBXSourcesBuildPhase section */
		AC6E7D0515C61C5A0016136F /* Sources */ = {
			isa = PBXSourcesBuildPhase;
			buildActionMask = 2147483647;
			files = (
				AC6E7D1A15C61C5A0016136F /* main.m in Sources */,
				AC6E7D1E15C61C5A0016136F /* ISAppDelegate.m in Sources */,
				AC6E7D2715C61C5A0016136F /* ISSearchViewController.m in Sources */,
				AC6E7D4C15C6284A0016136F /* JSONKit.m in Sources */,
				AC6E7D6515C629760016136F /* AFHTTPClient.m in Sources */,
				AC6E7D6615C629760016136F /* AFHTTPRequestOperation.m in Sources */,
				AC6E7D6715C629760016136F /* AFImageRequestOperation.m in Sources */,
				AC6E7D6815C629760016136F /* AFJSONRequestOperation.m in Sources */,
				AC6E7D6915C629760016136F /* AFJSONUtilities.m in Sources */,
				AC6E7D6A15C629760016136F /* AFNetworkActivityIndicatorManager.m in Sources */,
				AC6E7D6B15C629760016136F /* AFPropertyListRequestOperation.m in Sources */,
				AC6E7D6C15C629760016136F /* AFURLConnectionOperation.m in Sources */,
				AC6E7D6D15C629760016136F /* AFXMLRequestOperation.m in Sources */,
				AC6E7D6E15C629760016136F /* UIImageView+AFNetworking.m in Sources */,
				AC6E7D7115C62A4A0016136F /* ISServer.m in Sources */,
				AC6E7D7715C62FE70016136F /* ISSearchResult.m in Sources */,
				AC6E7D7A15C665DE0016136F /* ISSearchResultsViewController.m in Sources */,
				AC6E7D7D15C66C560016136F /* ISResultCell.m in Sources */,
				AC57D21415C7E0A3002F088A /* ISSavedSearchesViewController.m in Sources */,
				AC57D21815C7E1EE002F088A /* ISSavedSearch.m in Sources */,
			);
			runOnlyForDeploymentPostprocessing = 0;
		};
		AC6E7D2815C61C5A0016136F /* Sources */ = {
			isa = PBXSourcesBuildPhase;
			buildActionMask = 2147483647;
			files = (
				AC6E7D3C15C61C5B0016136F /* Image_SearchTests.m in Sources */,
				AC6E7D4E15C6285D0016136F /* JSONKit.m in Sources */,
			);
			runOnlyForDeploymentPostprocessing = 0;
		};
/* End PBXSourcesBuildPhase section */

/* Begin PBXTargetDependency section */
		AC6E7D3315C61C5B0016136F /* PBXTargetDependency */ = {
			isa = PBXTargetDependency;
			target = AC6E7D0815C61C5A0016136F /* Image Search */;
			targetProxy = AC6E7D3215C61C5B0016136F /* PBXContainerItemProxy */;
		};
/* End PBXTargetDependency section */

/* Begin PBXVariantGroup section */
		AC6E7D1615C61C5A0016136F /* InfoPlist.strings */ = {
			isa = PBXVariantGroup;
			children = (
				AC6E7D1715C61C5A0016136F /* en */,
			);
			name = InfoPlist.strings;
			sourceTree = "<group>";
		};
		AC6E7D1F15C61C5A0016136F /* MainStoryboard_iPhone.storyboard */ = {
			isa = PBXVariantGroup;
			children = (
				AC6E7D2015C61C5A0016136F /* en */,
			);
			name = MainStoryboard_iPhone.storyboard;
			sourceTree = "<group>";
		};
		AC6E7D2215C61C5A0016136F /* MainStoryboard_iPad.storyboard */ = {
			isa = PBXVariantGroup;
			children = (
				AC6E7D2315C61C5A0016136F /* en */,
			);
			name = MainStoryboard_iPad.storyboard;
			sourceTree = "<group>";
		};
		AC6E7D3715C61C5B0016136F /* InfoPlist.strings */ = {
			isa = PBXVariantGroup;
			children = (
				AC6E7D3815C61C5B0016136F /* en */,
			);
			name = InfoPlist.strings;
			sourceTree = "<group>";
		};
/* End PBXVariantGroup section */

/* Begin XCBuildConfiguration section */
		AC6E7D3D15C61C5B0016136F /* Debug */ = {
			isa = XCBuildConfiguration;
			buildSettings = {
				ALWAYS_SEARCH_USER_PATHS = NO;
				ARCHS = "$(ARCHS_STANDARD_32_BIT)";
				"CODE_SIGN_IDENTITY[sdk=iphoneos*]" = "iPhone Developer";
				COPY_PHASE_STRIP = NO;
				GCC_C_LANGUAGE_STANDARD = gnu99;
				GCC_DYNAMIC_NO_PIC = NO;
				GCC_OPTIMIZATION_LEVEL = 0;
				GCC_PREPROCESSOR_DEFINITIONS = (
					"DEBUG=1",
					"$(inherited)",
				);
				GCC_SYMBOLS_PRIVATE_EXTERN = NO;
				GCC_VERSION = com.apple.compilers.llvm.clang.1_0;
				GCC_WARN_ABOUT_RETURN_TYPE = YES;
				GCC_WARN_UNINITIALIZED_AUTOS = YES;
				GCC_WARN_UNUSED_VARIABLE = YES;
				IPHONEOS_DEPLOYMENT_TARGET = 5.1;
				SDKROOT = iphoneos;
				TARGETED_DEVICE_FAMILY = "1,2";
			};
			name = Debug;
		};
		AC6E7D3E15C61C5B0016136F /* Release */ = {
			isa = XCBuildConfiguration;
			buildSettings = {
				ALWAYS_SEARCH_USER_PATHS = NO;
				ARCHS = "$(ARCHS_STANDARD_32_BIT)";
				"CODE_SIGN_IDENTITY[sdk=iphoneos*]" = "iPhone Developer";
				COPY_PHASE_STRIP = YES;
				GCC_C_LANGUAGE_STANDARD = gnu99;
				GCC_VERSION = com.apple.compilers.llvm.clang.1_0;
				GCC_WARN_ABOUT_RETURN_TYPE = YES;
				GCC_WARN_UNINITIALIZED_AUTOS = YES;
				GCC_WARN_UNUSED_VARIABLE = YES;
				IPHONEOS_DEPLOYMENT_TARGET = 5.1;
				OTHER_CFLAGS = "-DNS_BLOCK_ASSERTIONS=1";
				SDKROOT = iphoneos;
				TARGETED_DEVICE_FAMILY = "1,2";
				VALIDATE_PRODUCT = YES;
			};
			name = Release;
		};
		AC6E7D4015C61C5B0016136F /* Debug */ = {
			isa = XCBuildConfiguration;
			buildSettings = {
				GCC_PRECOMPILE_PREFIX_HEADER = YES;
				GCC_PREFIX_HEADER = "Image Search/Image Search-Prefix.pch";
				INFOPLIST_FILE = "Image Search/Image Search-Info.plist";
				PRODUCT_NAME = "$(TARGET_NAME)";
				WRAPPER_EXTENSION = app;
			};
			name = Debug;
		};
		AC6E7D4115C61C5B0016136F /* Release */ = {
			isa = XCBuildConfiguration;
			buildSettings = {
				GCC_PRECOMPILE_PREFIX_HEADER = YES;
				GCC_PREFIX_HEADER = "Image Search/Image Search-Prefix.pch";
				INFOPLIST_FILE = "Image Search/Image Search-Info.plist";
				PRODUCT_NAME = "$(TARGET_NAME)";
				WRAPPER_EXTENSION = app;
			};
			name = Release;
		};
		AC6E7D4315C61C5B0016136F /* Debug */ = {
			isa = XCBuildConfiguration;
			buildSettings = {
				BUNDLE_LOADER = "$(BUILT_PRODUCTS_DIR)/Image Search.app/Image Search";
				FRAMEWORK_SEARCH_PATHS = (
					"$(SDKROOT)/Developer/Library/Frameworks",
					"$(DEVELOPER_LIBRARY_DIR)/Frameworks",
				);
				GCC_PRECOMPILE_PREFIX_HEADER = YES;
				GCC_PREFIX_HEADER = "Image Search/Image Search-Prefix.pch";
				INFOPLIST_FILE = "Image SearchTests/Image SearchTests-Info.plist";
				PRODUCT_NAME = "$(TARGET_NAME)";
				TEST_HOST = "$(BUNDLE_LOADER)";
				WRAPPER_EXTENSION = octest;
			};
			name = Debug;
		};
		AC6E7D4415C61C5B0016136F /* Release */ = {
			isa = XCBuildConfiguration;
			buildSettings = {
				BUNDLE_LOADER = "$(BUILT_PRODUCTS_DIR)/Image Search.app/Image Search";
				FRAMEWORK_SEARCH_PATHS = (
					"$(SDKROOT)/Developer/Library/Frameworks",
					"$(DEVELOPER_LIBRARY_DIR)/Frameworks",
				);
				GCC_PRECOMPILE_PREFIX_HEADER = YES;
				GCC_PREFIX_HEADER = "Image Search/Image Search-Prefix.pch";
				INFOPLIST_FILE = "Image SearchTests/Image SearchTests-Info.plist";
				PRODUCT_NAME = "$(TARGET_NAME)";
				TEST_HOST = "$(BUNDLE_LOADER)";
				WRAPPER_EXTENSION = octest;
			};
			name = Release;
		};
/* End XCBuildConfiguration section */

/* Begin XCConfigurationList section */
		AC6E7D0315C61C5A0016136F /* Build configuration list for PBXProject "Image Search" */ = {
			isa = XCConfigurationList;
			buildConfigurations = (
				AC6E7D3D15C61C5B0016136F /* Debug */,
				AC6E7D3E15C61C5B0016136F /* Release */,
			);
			defaultConfigurationIsVisible = 0;
			defaultConfigurationName = Release;
		};
		AC6E7D3F15C61C5B0016136F /* Build configuration list for PBXNativeTarget "Image Search" */ = {
			isa = XCConfigurationList;
			buildConfigurations = (
				AC6E7D4015C61C5B0016136F /* Debug */,
				AC6E7D4115C61C5B0016136F /* Release */,
			);
			defaultConfigurationIsVisible = 0;
			defaultConfigurationName = Release;
		};
		AC6E7D4215C61C5B0016136F /* Build configuration list for PBXNativeTarget "Image SearchTests" */ = {
			isa = XCConfigurationList;
			buildConfigurations = (
				AC6E7D4315C61C5B0016136F /* Debug */,
				AC6E7D4415C61C5B0016136F /* Release */,
			);
			defaultConfigurationIsVisible = 0;
			defaultConfigurationName = Release;
		};
/* End XCConfigurationList section */
	};
	rootObject = AC6E7D0015C61C5A0016136F /* Project object */;
}
